
Microsoft Visual Studio Solution File, Format Version 10.00
# Visual Studio 2008
Project("{FAE04EC0-301F-11D3-BF4B-00C04F79EFBC}") = "PSint", "PSint\PSint.csproj", "{7F0E0126-353B-4199-AE65-D1C37B4EC8B4}"
EndProject
Global
	GlobalSection(SolutionConfigurationPlatforms) = preSolution
		Debug|Any CPU = Debug|Any CPU
		Release|Any CPU = Release|Any CPU
	EndGlobalSection
	GlobalSection(ProjectConfigurationPlatforms) = postSolution
		{7F0E0126-353B-4199-AE65-D1C37B4EC8B4}.Debug|Any CPU.ActiveCfg = Debug|Any CPU
		{7F0E0126-353B-4199-AE65-D1C37B4EC8B4}.Debug|Any CPU.Build.0 = Debug|Any CPU
		{7F0E0126-353B-4199-AE65-D1C37B4EC8B4}.Release|Any CPU.ActiveCfg = Release|Any CPU
		{7F0E0126-353B-4199-AE65-D1C37B4EC8B4}.Release|Any CPU.Build.0 = Release|Any CPU
	EndGlobalSection
	GlobalSection(SolutionProperties) = preSolution
		HideSolutionNode = FALSE
	EndGlobalSection
EndGlobal
